// !$*UTF8*$!
{
	archiveVersion = 1;
	classes = {
	};
	objectVersion = 46;
	objects = {

/* Begin PBXBuildFile section */
		942A2AA41AD593AD0051C92B /* AppDelegate.swift in Sources */ = {isa = PBXBuildFile; fileRef = 942A2AA31AD593AD0051C92B /* AppDelegate.swift */; };
		942A2AA61AD593AD0051C92B /* ViewController.swift in Sources */ = {isa = PBXBuildFile; fileRef = 942A2AA51AD593AD0051C92B /* ViewController.swift */; };
		942A2AA91AD593AD0051C92B /* Main.storyboard in Resources */ = {isa = PBXBuildFile; fileRef = 942A2AA71AD593AD0051C92B /* Main.storyboard */; };
		942A2AAB1AD593AD0051C92B /* Images.xcassets in Resources */ = {isa = PBXBuildFile; fileRef = 942A2AAA1AD593AD0051C92B /* Images.xcassets */; };
		942A2AAE1AD593AD0051C92B /* LaunchScreen.xib in Resources */ = {isa = PBXBuildFile; fileRef = 942A2AAC1AD593AD0051C92B /* LaunchScreen.xib */; };
		942A2ABA1AD593AD0051C92B /* JoggingCircuitTests.swift in Sources */ = {isa = PBXBuildFile; fileRef = 942A2AB91AD593AD0051C92B /* JoggingCircuitTests.swift */; };
/* End PBXBuildFile section */

/* Begin PBXContainerItemProxy section */
		942A2AB41AD593AD0051C92B /* PBXContainerItemProxy */ = {
			isa = PBXContainerItemProxy;
			containerPortal = 942A2A961AD593AD0051C92B /* Project object */;
			proxyType = 1;
			remoteGlobalIDString = 942A2A9D1AD593AD0051C92B;
			remoteInfo = JoggingCircuit;
		};
/* End PBXContainerItemProxy section */

/* Begin PBXFileReference section */
		942A2A9E1AD593AD0051C92B /* JoggingCircuit.app */ = {isa = PBXFileReference; explicitFileType = wrapper.application; includeInIndex = 0; path = JoggingCircuit.app; sourceTree = BUILT_PRODUCTS_DIR; };
		942A2AA21AD593AD0051C92B /* Info.plist */ = {isa = PBXFileReference; lastKnownFileType = text.plist.xml; path = Info.plist; sourceTree = "<group>"; };
		942A2AA31AD593AD0051C92B /* AppDelegate.swift */ = {isa = PBXFileReference; lastKnownFileType = sourcecode.swift; path = AppDelegate.swift; sourceTree = "<group>"; };
		942A2AA51AD593AD0051C92B /* ViewController.swift */ = {isa = PBXFileReference; lastKnownFileType = sourcecode.swift; path = ViewController.swift; sourceTree = "<group>"; };
		942A2AA81AD593AD0051C92B /* Base */ = {isa = PBXFileReference; lastKnownFileType = file.storyboard; name = Base; path = Base.lproj/Main.storyboard; sourceTree = "<group>"; };
		942A2AAA1AD593AD0051C92B /* Images.xcassets */ = {isa = PBXFileReference; lastKnownFileType = folder.assetcatalog; path = Images.xcassets; sourceTree = "<group>"; };
		942A2AAD1AD593AD0051C92B /* Base */ = {isa = PBXFileReference; lastKnownFileType = file.xib; name = Base; path = Base.lproj/LaunchScreen.xib; sourceTree = "<group>"; };
		942A2AB31AD593AD0051C92B /* JoggingCircuitTests.xctest */ = {isa = PBXFileReference; explicitFileType = wrapper.cfbundle; includeInIndex = 0; path = JoggingCircuitTests.xctest; sourceTree = BUILT_PRODUCTS_DIR; };
		942A2AB81AD593AD0051C92B /* Info.plist */ = {isa = PBXFileReference; lastKnownFileType = text.plist.xml; path = Info.plist; sourceTree = "<group>"; };
		942A2AB91AD593AD0051C92B /* JoggingCircuitTests.swift */ = {isa = PBXFileReference; lastKnownFileType = sourcecode.swift; path = JoggingCircuitTests.swift; sourceTree = "<group>"; };
/* End PBXFileReference section */

/* Begin PBXFrameworksBuildPhase section */
		942A2A9B1AD593AD0051C92B /* Frameworks */ = {
			isa = PBXFrameworksBuildPhase;
			buildActionMask = 2147483647;
			files = (
			);
			runOnlyForDeploymentPostprocessing = 0;
		};
		942A2AB01AD593AD0051C92B /* Frameworks */ = {
			isa = PBXFrameworksBuildPhase;
			buildActionMask = 2147483647;
			files = (
			);
			runOnlyForDeploymentPostprocessing = 0;
		};
/* End PBXFrameworksBuildPhase section */

/* Begin PBXGroup section */
		942A2A951AD593AD0051C92B = {
			isa = PBXGroup;
			children = (
				942A2AA01AD593AD0051C92B /* JoggingCircuit */,
				942A2AB61AD593AD0051C92B /* JoggingCircuitTests */,
				942A2A9F1AD593AD0051C92B /* Products */,
			);
			sourceTree = "<group>";
		};
		942A2A9F1AD593AD0051C92B /* Products */ = {
			isa = PBXGroup;
			children = (
				942A2A9E1AD593AD0051C92B /* JoggingCircuit.app */,
				942A2AB31AD593AD0051C92B /* JoggingCircuitTests.xctest */,
			);
			name = Products;
			sourceTree = "<group>";
		};
		942A2AA01AD593AD0051C92B /* JoggingCircuit */ = {
			isa = PBXGroup;
			children = (
				942A2AA31AD593AD0051C92B /* AppDelegate.swift */,
				942A2AA51AD593AD0051C92B /* ViewController.swift */,
				942A2AA71AD593AD0051C92B /* Main.storyboard */,
				942A2AAA1AD593AD0051C92B /* Images.xcassets */,
				942A2AAC1AD593AD0051C92B /* LaunchScreen.xib */,
				942A2AA11AD593AD0051C92B /* Supporting Files */,
			);
			path = JoggingCircuit;
			sourceTree = "<group>";
		};
		942A2AA11AD593AD0051C92B /* Supporting Files */ = {
			isa = PBXGroup;
			children = (
				942A2AA21AD593AD0051C92B /* Info.plist */,
			);
			name = "Supporting Files";
			sourceTree = "<group>";
		};
		942A2AB61AD593AD0051C92B /* JoggingCircuitTests */ = {
			isa = PBXGroup;
			children = (
				942A2AB91AD593AD0051C92B /* JoggingCircuitTests.swift */,
				942A2AB71AD593AD0051C92B /* Supporting Files */,
			);
			path = JoggingCircuitTests;
			sourceTree = "<group>";
		};
		942A2AB71AD593AD0051C92B /* Supporting Files */ = {
			isa = PBXGroup;
			children = (
				942A2AB81AD593AD0051C92B /* Info.plist */,
			);
			name = "Supporting Files";
			sourceTree = "<group>";
		};
/* End PBXGroup section */

/* Begin PBXNativeTarget section */
		942A2A9D1AD593AD0051C92B /* JoggingCircuit */ = {
			isa = PBXNativeTarget;
			buildConfigurationList = 942A2ABD1AD593AD0051C92B /* Build configuration list for PBXNativeTarget "JoggingCircuit" */;
			buildPhases = (
				942A2A9A1AD593AD0051C92B /* Sources */,
				942A2A9B1AD593AD0051C92B /* Frameworks */,
				942A2A9C1AD593AD0051C92B /* Resources */,
			);
			buildRules = (
			);
			dependencies = (
			);
			name = JoggingCircuit;
			productName = JoggingCircuit;
			productReference = 942A2A9E1AD593AD0051C92B /* JoggingCircuit.app */;
			productType = "com.apple.product-type.application";
		};
		942A2AB21AD593AD0051C92B /* JoggingCircuitTests */ = {
			isa = PBXNativeTarget;
			buildConfigurationList = 942A2AC01AD593AD0051C92B /* Build configuration list for PBXNativeTarget "JoggingCircuitTests" */;
			buildPhases = (
				942A2AAF1AD593AD0051C92B /* Sources */,
				942A2AB01AD593AD0051C92B /* Frameworks */,
				942A2AB11AD593AD0051C92B /* Resources */,
			);
			buildRules = (
			);
			dependencies = (
				942A2AB51AD593AD0051C92B /* PBXTargetDependency */,
			);
			name = JoggingCircuitTests;
			productName = JoggingCircuitTests;
			productReference = 942A2AB31AD593AD0051C92B /* JoggingCircuitTests.xctest */;
			productType = "com.apple.product-type.bundle.unit-test";
		};
/* End PBXNativeTarget section */

/* Begin PBXProject section */
		942A2A961AD593AD0051C92B /* Project object */ = {
			isa = PBXProject;
			attributes = {
				LastUpgradeCheck = 0620;
				ORGANIZATIONNAME = "Ryan McCollam";
				TargetAttributes = {
					942A2A9D1AD593AD0051C92B = {
						CreatedOnToolsVersion = 6.2;
					};
					942A2AB21AD593AD0051C92B = {
						CreatedOnToolsVersion = 6.2;
						TestTargetID = 942A2A9D1AD593AD0051C92B;
					};
				};
			};
			buildConfigurationList = 942A2A991AD593AD0051C92B /* Build configuration list for PBXProject "JoggingCircuit" */;
			compatibilityVersion = "Xcode 3.2";
			developmentRegion = English;
			hasScannedForEncodings = 0;
			knownRegions = (
				en,
				Base,
			);
			mainGroup = 942A2A951AD593AD0051C92B;
			productRefGroup = 942A2A9F1AD593AD0051C92B /* Products */;
			projectDirPath = "";
			projectRoot = "";
			targets = (
				942A2A9D1AD593AD0051C92B /* JoggingCircuit */,
				942A2AB21AD593AD0051C92B /* JoggingCircuitTests */,
			);
		};
/* End PBXProject section */

/* Begin PBXResourcesBuildPhase section */
		942A2A9C1AD593AD0051C92B /* Resources */ = {
			isa = PBXResourcesBuildPhase;
			buildActionMask = 2147483647;
			files = (
				942A2AA91AD593AD0051C92B /* Main.storyboard in Resources */,
				942A2AAE1AD593AD0051C92B /* LaunchScreen.xib in Resources */,
				942A2AAB1AD593AD0051C92B /* Images.xcassets in Resources */,
			);
			runOnlyForDeploymentPostprocessing = 0;
		};
		942A2AB11AD593AD0051C92B /* Resources */ = {
			isa = PBXResourcesBuildPhase;
			buildActionMask = 2147483647;
			files = (
			);
			runOnlyForDeploymentPostprocessing = 0;
		};
/* End PBXResourcesBuildPhase section */

/* Begin PBXSourcesBuildPhase section */
		942A2A9A1AD593AD0051C92B /* Sources */ = {
			isa = PBXSourcesBuildPhase;
			buildActionMask = 2147483647;
			files = (
				942A2AA61AD593AD0051C92B /* ViewController.swift in Sources */,
				942A2AA41AD593AD0051C92B /* AppDelegate.swift in Sources */,
			);
			runOnlyForDeploymentPostprocessing = 0;
		};
		942A2AAF1AD593AD0051C92B /* Sources */ = {
			isa = PBXSourcesBuildPhase;
			buildActionMask = 2147483647;
			files = (
				942A2ABA1AD593AD0051C92B /* JoggingCircuitTests.swift in Sources */,
			);
			runOnlyForDeploymentPostprocessing = 0;
		};
/* End PBXSourcesBuildPhase section */

/* Begin PBXTargetDependency section */
		942A2AB51AD593AD0051C92B /* PBXTargetDependency */ = {
			isa = PBXTargetDependency;
			target = 942A2A9D1AD593AD0051C92B /* JoggingCircuit */;
			targetProxy = 942A2AB41AD593AD0051C92B /* PBXContainerItemProxy */;
		};
/* End PBXTargetDependency section */

/* Begin PBXVariantGroup section */
		942A2AA71AD593AD0051C92B /* Main.storyboard */ = {
			isa = PBXVariantGroup;
			children = (
				942A2AA81AD593AD0051C92B /* Base */,
			);
			name = Main.storyboard;
			sourceTree = "<group>";
		};
		942A2AAC1AD593AD0051C92B /* LaunchScreen.xib */ = {
			isa = PBXVariantGroup;
			children = (
				942A2AAD1AD593AD0051C92B /* Base */,
			);
			name = LaunchScreen.xib;
			sourceTree = "<group>";
		};
/* End PBXVariantGroup section */

/* Begin XCBuildConfiguration section */
		942A2ABB1AD593AD0051C92B /* Debug */ = {
			isa = XCBuildConfiguration;
			buildSettings = {
				ALWAYS_SEARCH_USER_PATHS = NO;
				CLANG_CXX_LANGUAGE_STANDARD = "gnu++0x";
				CLANG_CXX_LIBRARY = "libc++";
				CLANG_ENABLE_MODULES = YES;
				CLANG_ENABLE_OBJC_ARC = YES;
				CLANG_WARN_BOOL_CONVERSION = YES;
				CLANG_WARN_CONSTANT_CONVERSION = YES;
				CLANG_WARN_DIRECT_OBJC_ISA_USAGE = YES_ERROR;
				CLANG_WARN_EMPTY_BODY = YES;
				CLANG_WARN_ENUM_CONVERSION = YES;
				CLANG_WARN_INT_CONVERSION = YES;
				CLANG_WARN_OBJC_ROOT_CLASS = YES_ERROR;
				CLANG_WARN_UNREACHABLE_CODE = YES;
				CLANG_WARN__DUPLICATE_METHOD_MATCH = YES;
				"CODE_SIGN_IDENTITY[sdk=iphoneos*]" = "iPhone Developer";
				COPY_PHASE_STRIP = NO;
				ENABLE_STRICT_OBJC_MSGSEND = YES;
				GCC_C_LANGUAGE_STANDARD = gnu99;
				GCC_DYNAMIC_NO_PIC = NO;
				GCC_OPTIMIZATION_LEVEL = 0;
				GCC_PREPROCESSOR_DEFINITIONS = (
					"DEBUG=1",
					"$(inherited)",
				);
				GCC_SYMBOLS_PRIVATE_EXTERN = NO;
				GCC_WARN_64_TO_32_BIT_CONVERSION = YES;
				GCC_WARN_ABOUT_RETURN_TYPE = YES_ERROR;
				GCC_WARN_UNDECLARED_SELECTOR = YES;
				GCC_WARN_UNINITIALIZED_AUTOS = YES_AGGRESSIVE;
				GCC_WARN_UNUSED_FUNCTION = YES;
				GCC_WARN_UNUSED_VARIABLE = YES;
				IPHONEOS_DEPLOYMENT_TARGET = 8.2;
				MTL_ENABLE_DEBUG_INFO = YES;
				ONLY_ACTIVE_ARCH = YES;
				SDKROOT = iphoneos;
				SWIFT_OPTIMIZATION_LEVEL = "-Onone";
				TARGETED_DEVICE_FAMILY = "1,2";
			};
			name = Debug;
		};
		942A2ABC1AD593AD0051C92B /* Release */ = {
			isa = XCBuildConfiguration;
			buildSettings = {
				ALWAYS_SEARCH_USER_PATHS = NO;
				CLANG_CXX_LANGUAGE_STANDARD = "gnu++0x";
				CLANG_CXX_LIBRARY = "libc++";
				CLANG_ENABLE_MODULES = YES;
				CLANG_ENABLE_OBJC_ARC = YES;
				CLANG_WARN_BOOL_CONVERSION = YES;
				CLANG_WARN_CONSTANT_CONVERSION = YES;
				CLANG_WARN_DIRECT_OBJC_ISA_USAGE = YES_ERROR;
				CLANG_WARN_EMPTY_BODY = YES;
				CLANG_WARN_ENUM_CONVERSION = YES;
				CLANG_WARN_INT_CONVERSION = YES;
				CLANG_WARN_OBJC_ROOT_CLASS = YES_ERROR;
				CLANG_WARN_UNREACHABLE_CODE = YES;
				CLANG_WARN__DUPLICATE_METHOD_MATCH = YES;
				"CODE_SIGN_IDENTITY[sdk=iphoneos*]" = "iPhone Developer";
				COPY_PHASE_STRIP = NO;
				ENABLE_NS_ASSERTIONS = NO;
				ENABLE_STRICT_OBJC_MSGSEND = YES;
				GCC_C_LANGUAGE_STANDARD = gnu99;
				GCC_WARN_64_TO_32_BIT_CONVERSION = YES;
				GCC_WARN_ABOUT_RETURN_TYPE = YES_ERROR;
				GCC_WARN_UNDECLARED_SELECTOR = YES;
				GCC_WARN_UNINITIALIZED_AUTOS = YES_AGGRESSIVE;
				GCC_WARN_UNUSED_FUNCTION = YES;
				GCC_WARN_UNUSED_VARIABLE = YES;
				IPHONEOS_DEPLOYMENT_TARGET = 8.2;
				MTL_ENABLE_DEBUG_INFO = NO;
				SDKROOT = iphoneos;
				TARGETED_DEVICE_FAMILY = "1,2";
				VALIDATE_PRODUCT = YES;
			};
			name = Release;
		};
		942A2ABE1AD593AD0051C92B /* Debug */ = {
			isa = XCBuildConfiguration;
			buildSettings = {
				ASSETCATALOG_COMPILER_APPICON_NAME = AppIcon;
				INFOPLIST_FILE = JoggingCircuit/Info.plist;
				LD_RUNPATH_SEARCH_PATHS = "$(inherited) @executable_path/Frameworks";
				PRODUCT_NAME = "$(TARGET_NAME)";
			};
			name = Debug;
		};
		942A2ABF1AD593AD0051C92B /* Release */ = {
			isa = XCBuildConfiguration;
			buildSettings = {
				ASSETCATALOG_COMPILER_APPICON_NAME = AppIcon;
				INFOPLIST_FILE = JoggingCircuit/Info.plist;
				LD_RUNPATH_SEARCH_PATHS = "$(inherited) @executable_path/Frameworks";
				PRODUCT_NAME = "$(TARGET_NAME)";
			};
			name = Release;
		};
		942A2AC11AD593AD0051C92B /* Debug */ = {
			isa = XCBuildConfiguration;
			buildSettings = {
				BUNDLE_LOADER = "$(TEST_HOST)";
				FRAMEWORK_SEARCH_PATHS = (
					"$(SDKROOT)/Developer/Library/Frameworks",
					"$(inherited)",
				);
				GCC_PREPROCESSOR_DEFINITIONS = (
					"DEBUG=1",
					"$(inherited)",
				);
				INFOPLIST_FILE = JoggingCircuitTests/Info.plist;
				LD_RUNPATH_SEARCH_PATHS = "$(inherited) @executable_path/Frameworks @loader_path/Frameworks";
				PRODUCT_NAME = "$(TARGET_NAME)";
				TEST_HOST = "$(BUILT_PRODUCTS_DIR)/JoggingCircuit.app/JoggingCircuit";
			};
			name = Debug;
		};
		942A2AC21AD593AD0051C92B /* Release */ = {
			isa = XCBuildConfiguration;
			buildSettings = {
				BUNDLE_LOADER = "$(TEST_HOST)";
				FRAMEWORK_SEARCH_PATHS = (
					"$(SDKROOT)/Developer/Library/Frameworks",
					"$(inherited)",
				);
				INFOPLIST_FILE = JoggingCircuitTests/Info.plist;
				LD_RUNPATH_SEARCH_PATHS = "$(inherited) @executable_path/Frameworks @loader_path/Frameworks";
				PRODUCT_NAME = "$(TARGET_NAME)";
				TEST_HOST = "$(BUILT_PRODUCTS_DIR)/JoggingCircuit.app/JoggingCircuit";
			};
			name = Release;
		};
/* End XCBuildConfiguration section */

/* Begin XCConfigurationList section */
		942A2A991AD593AD0051C92B /* Build configuration list for PBXProject "JoggingCircuit" */ = {
			isa = XCConfigurationList;
			buildConfigurations = (
				942A2ABB1AD593AD0051C92B /* Debug */,
				942A2ABC1AD593AD0051C92B /* Release */,
			);
			defaultConfigurationIsVisible = 0;
			defaultConfigurationName = Release;
		};
		942A2ABD1AD593AD0051C92B /* Build configuration list for PBXNativeTarget "JoggingCircuit" */ = {
			isa = XCConfigurationList;
			buildConfigurations = (
				942A2ABE1AD593AD0051C92B /* Debug */,
				942A2ABF1AD593AD0051C92B /* Release */,
			);
			defaultConfigurationIsVisible = 0;
		};
		942A2AC01AD593AD0051C92B /* Build configuration list for PBXNativeTarget "JoggingCircuitTests" */ = {
			isa = XCConfigurationList;
			buildConfigurations = (
				942A2AC11AD593AD0051C92B /* Debug */,
				942A2AC21AD593AD0051C92B /* Release */,
			);
			defaultConfigurationIsVisible = 0;
		};
/* End XCConfigurationList section */
	};
	rootObject = 942A2A961AD593AD0051C92B /* Project object */;
}
